PODS:
  - Alamofire (4.6.0)
  - MBProgressHUD (1.1.0)
  - ObjectMapper (3.1.0)
  - Realm (3.1.1):
    - Realm/Headers (= 3.1.1)
  - Realm/Headers (3.1.1)
  - RealmSwift (3.1.1):
    - Realm (= 3.1.1)
  - SwiftMessages (4.1.0)

DEPENDENCIES:
  - Alamofire
  - MBProgressHUD
  - ObjectMapper
  - RealmSwift
  - SwiftMessages

SPEC REPOS:
  https://github.com/CocoaPods/Specs.git:
    - Alamofire
    - MBProgressHUD
    - ObjectMapper
    - Realm
    - RealmSwift
    - SwiftMessages

SPEC CHECKSUMS:
  Alamofire: f41a599bd63041760b26d393ec1069d9d7b917f4
  MBProgressHUD: e7baa36a220447d8aeb12769bf0585582f3866d9
  ObjectMapper: 20505058f54e5c3ca69e1d6de9897d152a5369a6
  Realm: 42d1c38a5b1bbcc828b48a7ce702cb86fc68adf4
  RealmSwift: d31937ca6a6ee54acde64ec839523c0a3c04924b
  SwiftMessages: 1bacc783c8f10bdfdc57c14860cae8a1f1fa6591

PODFILE CHECKSUM: 4bd7c77fdc520dcf5e0474b6407c6ca0f4420cb0

COCOAPODS: 1.5.0
